{
  "name": "xcstrings-doctor",
  "version": "0.1.0",
  "lockfileVersion": 3,
  "requires": true,
  "packages": {
    "": {
      "name": "xcstrings-doctor",
      "version": "0.1.0",
      "license": "AGPL-3.0-only",
      "bin": {
        "xcstrings-doctor": "bin/xcstrings-doctor.js"
      },
      "engines": {
        "node": ">=20"
      }
    }
  }
}
